schema: '2.0'
stages:
  import:
    cmd: uv run python src/data/import_raw_data.py data/raw
    outs:
    - path: data/raw
      hash: md5
      md5: 90c3e04bb8fa1558eb70f9096b5b6010.dir
      size: 31082914
      nfiles: 4
  process:
    cmd: uv run python src/data/make_dataset.py data/raw data/preprocessed
    deps:
    - path: data/raw
      hash: md5
      md5: 90c3e04bb8fa1558eb70f9096b5b6010.dir
      size: 31082914
      nfiles: 4
    - path: src/data/make_dataset.py
      hash: md5
      md5: 37a60d9a97427dbe29f0519a9e70bbca
      size: 8850
    outs:
    - path: data/preprocessed/X_test.csv
      hash: md5
      md5: 984b7f6c56e32ae00e0533e1f3fd6e59
      size: 1732263
    - path: data/preprocessed/X_train.csv
      hash: md5
      md5: 6d44bdbd3da74801a34d3947b412bd71
      size: 4040600
    - path: data/preprocessed/y_test.csv
      hash: md5
      md5: 83061f3f8b1b8fcaf00638d1c89fae7d
      size: 32825
    - path: data/preprocessed/y_train.csv
      hash: md5
      md5: 4201106fa338c961187a0653ac139046
      size: 76581
  train:
    cmd: uv run python src/models/train_model.py data/preprocessed 
      models/model.joblib
    deps:
    - path: data/preprocessed/X_train.csv
      hash: md5
      md5: 6d44bdbd3da74801a34d3947b412bd71
      size: 4040600
    - path: data/preprocessed/y_train.csv
      hash: md5
      md5: 4201106fa338c961187a0653ac139046
      size: 76581
    - path: src/models/train_model.py
      hash: md5
      md5: ac7ff498d5d4d7a8a17f6d3e48220267
      size: 1619
    outs:
    - path: models/model.joblib
      hash: md5
      md5: 5f5806ef560407a14aff91e6c9fb4ee6
      size: 107034201
  evaluate:
    cmd: uv run python src/models/evaluate_model.py models/model.joblib 
      data/preprocessed metrics.json
    deps:
    - path: data/preprocessed/X_test.csv
      hash: md5
      md5: 984b7f6c56e32ae00e0533e1f3fd6e59
      size: 1732263
    - path: data/preprocessed/y_test.csv
      hash: md5
      md5: 83061f3f8b1b8fcaf00638d1c89fae7d
      size: 32825
    - path: models/model.joblib
      hash: md5
      md5: 5f5806ef560407a14aff91e6c9fb4ee6
      size: 107034201
    - path: src/models/evaluate_model.py
      hash: md5
      md5: d53c5547b0848ea4e30d4f8c610a2844
      size: 3852
    outs:
    - path: metrics.json
      hash: md5
      md5: 965afb7a1ba89db8e05faafc57270683
      size: 405
