schema: '2.0'
stages:
  import:
    cmd: uv run --active python src/data/import_raw_data.py data/raw
    outs:
    - path: data/raw
      hash: md5
      md5: 90c3e04bb8fa1558eb70f9096b5b6010.dir
      size: 31082914
      nfiles: 4
  process:
    cmd: uv run --active python src/data/make_dataset.py data/raw 
      data/preprocessed
    deps:
    - path: data/raw
      hash: md5
      md5: 90c3e04bb8fa1558eb70f9096b5b6010.dir
      size: 31082914
      nfiles: 4
    - path: src/data/make_dataset.py
      hash: md5
      md5: 37a60d9a97427dbe29f0519a9e70bbca
      size: 8850
    outs:
    - path: data/preprocessed/X_test.csv
      hash: md5
      md5: 984b7f6c56e32ae00e0533e1f3fd6e59
      size: 1732263
    - path: data/preprocessed/X_train.csv
      hash: md5
      md5: 6d44bdbd3da74801a34d3947b412bd71
      size: 4040600
    - path: data/preprocessed/y_test.csv
      hash: md5
      md5: 83061f3f8b1b8fcaf00638d1c89fae7d
      size: 32825
    - path: data/preprocessed/y_train.csv
      hash: md5
      md5: 4201106fa338c961187a0653ac139046
      size: 76581
  train:
    cmd: uv run --active python -m src.models.train_model --train_path 
      data/preprocessed --model_output models/model.joblib
    deps:
    - path: data/preprocessed/X_train.csv
      hash: md5
      md5: 6d44bdbd3da74801a34d3947b412bd71
      size: 4040600
    - path: data/preprocessed/y_train.csv
      hash: md5
      md5: 4201106fa338c961187a0653ac139046
      size: 76581
    - path: src/models/train_model.py
      hash: md5
      md5: f287f84bc99dbf64ade7d160e7fdfd7e
      size: 2616
    outs:
    - path: models/model.joblib
      hash: md5
      md5: 3e57f13a39f012a7168b1db643a9293b
      size: 106915961
  evaluate:
    cmd: uv run --active python -m src.models.evaluate_model models/model.joblib
      data/preprocessed metrics.json
    deps:
    - path: data/preprocessed/X_test.csv
      hash: md5
      md5: 984b7f6c56e32ae00e0533e1f3fd6e59
      size: 1732263
    - path: data/preprocessed/y_test.csv
      hash: md5
      md5: 83061f3f8b1b8fcaf00638d1c89fae7d
      size: 32825
    - path: models/model.joblib
      hash: md5
      md5: 3e57f13a39f012a7168b1db643a9293b
      size: 106915961
    - path: src/models/evaluate_model.py
      hash: md5
      md5: ff5b0cf7757932d4163786a7353cd453
      size: 5080
    outs:
    - path: metrics.json
      hash: md5
      md5: 08db57b206920c07b1780ce993d10b03
      size: 405
  predict:
    cmd: uv run --active python -m src.models.predict_model 
      src/models/test_features.json
    deps:
    - path: models/model.joblib
      hash: md5
      md5: 3e57f13a39f012a7168b1db643a9293b
      size: 106915961
    - path: src/models/predict_model.py
      hash: md5
      md5: 0b463180f4ed06953185e12d9c3c3d9a
      size: 1876
    - path: src/models/test_features.json
      hash: md5
      md5: da7449d023f76bc18381d56e16f7737f
      size: 374
